// !$*UTF8*$!
{
	archiveVersion = 1;
	classes = {
	};
	objectVersion = 55;
	objects = {

/* Begin PBXBuildFile section */
		CF6254A5295EE3B300BD590B /* AppDelegate.swift in Sources */ = {isa = PBXBuildFile; fileRef = CF6254A4295EE3B300BD590B /* AppDelegate.swift */; };
		CF6254A7295EE3B300BD590B /* SceneDelegate.swift in Sources */ = {isa = PBXBuildFile; fileRef = CF6254A6295EE3B300BD590B /* SceneDelegate.swift */; };
		CF6254A9295EE3B300BD590B /* ViewController.swift in Sources */ = {isa = PBXBuildFile; fileRef = CF6254A8295EE3B300BD590B /* ViewController.swift */; };
		CF6254AC295EE3B300BD590B /* Main.storyboard in Resources */ = {isa = PBXBuildFile; fileRef = CF6254AA295EE3B300BD590B /* Main.storyboard */; };
		CF6254AE295EE3B400BD590B /* Assets.xcassets in Resources */ = {isa = PBXBuildFile; fileRef = CF6254AD295EE3B400BD590B /* Assets.xcassets */; };
		CF6254B1295EE3B400BD590B /* LaunchScreen.storyboard in Resources */ = {isa = PBXBuildFile; fileRef = CF6254AF295EE3B400BD590B /* LaunchScreen.storyboard */; };
		CF6254BC295EE3B400BD590B /* didChangeTests.swift in Sources */ = {isa = PBXBuildFile; fileRef = CF6254BB295EE3B400BD590B /* didChangeTests.swift */; };
		CF6254C6295EE3B400BD590B /* didChangeUITests.swift in Sources */ = {isa = PBXBuildFile; fileRef = CF6254C5295EE3B400BD590B /* didChangeUITests.swift */; };
		CF6254C8295EE3B400BD590B /* didChangeUITestsLaunchTests.swift in Sources */ = {isa = PBXBuildFile; fileRef = CF6254C7295EE3B400BD590B /* didChangeUITestsLaunchTests.swift */; };
/* End PBXBuildFile section */

/* Begin PBXContainerItemProxy section */
		CF6254B8295EE3B400BD590B /* PBXContainerItemProxy */ = {
			isa = PBXContainerItemProxy;
			containerPortal = CF625499295EE3B300BD590B /* Project object */;
			proxyType = 1;
			remoteGlobalIDString = CF6254A0295EE3B300BD590B;
			remoteInfo = didChange;
		};
		CF6254C2295EE3B400BD590B /* PBXContainerItemProxy */ = {
			isa = PBXContainerItemProxy;
			containerPortal = CF625499295EE3B300BD590B /* Project object */;
			proxyType = 1;
			remoteGlobalIDString = CF6254A0295EE3B300BD590B;
			remoteInfo = didChange;
		};
/* End PBXContainerItemProxy section */

/* Begin PBXFileReference section */
		CF6254A1295EE3B300BD590B /* didChange.app */ = {isa = PBXFileReference; explicitFileType = wrapper.application; includeInIndex = 0; path = didChange.app; sourceTree = BUILT_PRODUCTS_DIR; };
		CF6254A4295EE3B300BD590B /* AppDelegate.swift */ = {isa = PBXFileReference; lastKnownFileType = sourcecode.swift; path = AppDelegate.swift; sourceTree = "<group>"; };
		CF6254A6295EE3B300BD590B /* SceneDelegate.swift */ = {isa = PBXFileReference; lastKnownFileType = sourcecode.swift; path = SceneDelegate.swift; sourceTree = "<group>"; };
		CF6254A8295EE3B300BD590B /* ViewController.swift */ = {isa = PBXFileReference; lastKnownFileType = sourcecode.swift; path = ViewController.swift; sourceTree = "<group>"; };
		CF6254AB295EE3B300BD590B /* Base */ = {isa = PBXFileReference; lastKnownFileType = file.storyboard; name = Base; path = Base.lproj/Main.storyboard; sourceTree = "<group>"; };
		CF6254AD295EE3B400BD590B /* Assets.xcassets */ = {isa = PBXFileReference; lastKnownFileType = folder.assetcatalog; path = Assets.xcassets; sourceTree = "<group>"; };
		CF6254B0295EE3B400BD590B /* Base */ = {isa = PBXFileReference; lastKnownFileType = file.storyboard; name = Base; path = Base.lproj/LaunchScreen.storyboard; sourceTree = "<group>"; };
		CF6254B2295EE3B400BD590B /* Info.plist */ = {isa = PBXFileReference; lastKnownFileType = text.plist.xml; path = Info.plist; sourceTree = "<group>"; };
		CF6254B7295EE3B400BD590B /* didChangeTests.xctest */ = {isa = PBXFileReference; explicitFileType = wrapper.cfbundle; includeInIndex = 0; path = didChangeTests.xctest; sourceTree = BUILT_PRODUCTS_DIR; };
		CF6254BB295EE3B400BD590B /* didChangeTests.swift */ = {isa = PBXFileReference; lastKnownFileType = sourcecode.swift; path = didChangeTests.swift; sourceTree = "<group>"; };
		CF6254C1295EE3B400BD590B /* didChangeUITests.xctest */ = {isa = PBXFileReference; explicitFileType = wrapper.cfbundle; includeInIndex = 0; path = didChangeUITests.xctest; sourceTree = BUILT_PRODUCTS_DIR; };
		CF6254C5295EE3B400BD590B /* didChangeUITests.swift */ = {isa = PBXFileReference; lastKnownFileType = sourcecode.swift; path = didChangeUITests.swift; sourceTree = "<group>"; };
		CF6254C7295EE3B400BD590B /* didChangeUITestsLaunchTests.swift */ = {isa = PBXFileReference; lastKnownFileType = sourcecode.swift; path = didChangeUITestsLaunchTests.swift; sourceTree = "<group>"; };
/* End PBXFileReference section */

/* Begin PBXFrameworksBuildPhase section */
		CF62549E295EE3B300BD590B /* Frameworks */ = {
			isa = PBXFrameworksBuildPhase;
			buildActionMask = 2147483647;
			files = (
			);
			runOnlyForDeploymentPostprocessing = 0;
		};
		CF6254B4295EE3B400BD590B /* Frameworks */ = {
			isa = PBXFrameworksBuildPhase;
			buildActionMask = 2147483647;
			files = (
			);
			runOnlyForDeploymentPostprocessing = 0;
		};
		CF6254BE295EE3B400BD590B /* Frameworks */ = {
			isa = PBXFrameworksBuildPhase;
			buildActionMask = 2147483647;
			files = (
			);
			runOnlyForDeploymentPostprocessing = 0;
		};
/* End PBXFrameworksBuildPhase section */

/* Begin PBXGroup section */
		CF625498295EE3B300BD590B = {
			isa = PBXGroup;
			children = (
				CF6254A3295EE3B300BD590B /* didChange */,
				CF6254BA295EE3B400BD590B /* didChangeTests */,
				CF6254C4295EE3B400BD590B /* didChangeUITests */,
				CF6254A2295EE3B300BD590B /* Products */,
			);
			sourceTree = "<group>";
		};
		CF6254A2295EE3B300BD590B /* Products */ = {
			isa = PBXGroup;
			children = (
				CF6254A1295EE3B300BD590B /* didChange.app */,
				CF6254B7295EE3B400BD590B /* didChangeTests.xctest */,
				CF6254C1295EE3B400BD590B /* didChangeUITests.xctest */,
			);
			name = Products;
			sourceTree = "<group>";
		};
		CF6254A3295EE3B300BD590B /* didChange */ = {
			isa = PBXGroup;
			children = (
				CF6254A4295EE3B300BD590B /* AppDelegate.swift */,
				CF6254A6295EE3B300BD590B /* SceneDelegate.swift */,
				CF6254A8295EE3B300BD590B /* ViewController.swift */,
				CF6254AA295EE3B300BD590B /* Main.storyboard */,
				CF6254AD295EE3B400BD590B /* Assets.xcassets */,
				CF6254AF295EE3B400BD590B /* LaunchScreen.storyboard */,
				CF6254B2295EE3B400BD590B /* Info.plist */,
			);
			path = didChange;
			sourceTree = "<group>";
		};
		CF6254BA295EE3B400BD590B /* didChangeTests */ = {
			isa = PBXGroup;
			children = (
				CF6254BB295EE3B400BD590B /* didChangeTests.swift */,
			);
			path = didChangeTests;
			sourceTree = "<group>";
		};
		CF6254C4295EE3B400BD590B /* didChangeUITests */ = {
			isa = PBXGroup;
			children = (
				CF6254C5295EE3B400BD590B /* didChangeUITests.swift */,
				CF6254C7295EE3B400BD590B /* didChangeUITestsLaunchTests.swift */,
			);
			path = didChangeUITests;
			sourceTree = "<group>";
		};
/* End PBXGroup section */

/* Begin PBXNativeTarget section */
		CF6254A0295EE3B300BD590B /* didChange */ = {
			isa = PBXNativeTarget;
			buildConfigurationList = CF6254CB295EE3B400BD590B /* Build configuration list for PBXNativeTarget "didChange" */;
			buildPhases = (
				CF62549D295EE3B300BD590B /* Sources */,
				CF62549E295EE3B300BD590B /* Frameworks */,
				CF62549F295EE3B300BD590B /* Resources */,
			);
			buildRules = (
			);
			dependencies = (
			);
			name = didChange;
			productName = didChange;
			productReference = CF6254A1295EE3B300BD590B /* didChange.app */;
			productType = "com.apple.product-type.application";
		};
		CF6254B6295EE3B400BD590B /* didChangeTests */ = {
			isa = PBXNativeTarget;
			buildConfigurationList = CF6254CE295EE3B400BD590B /* Build configuration list for PBXNativeTarget "didChangeTests" */;
			buildPhases = (
				CF6254B3295EE3B400BD590B /* Sources */,
				CF6254B4295EE3B400BD590B /* Frameworks */,
				CF6254B5295EE3B400BD590B /* Resources */,
			);
			buildRules = (
			);
			dependencies = (
				CF6254B9295EE3B400BD590B /* PBXTargetDependency */,
			);
			name = didChangeTests;
			productName = didChangeTests;
			productReference = CF6254B7295EE3B400BD590B /* didChangeTests.xctest */;
			productType = "com.apple.product-type.bundle.unit-test";
		};
		CF6254C0295EE3B400BD590B /* didChangeUITests */ = {
			isa = PBXNativeTarget;
			buildConfigurationList = CF6254D1295EE3B400BD590B /* Build configuration list for PBXNativeTarget "didChangeUITests" */;
			buildPhases = (
				CF6254BD295EE3B400BD590B /* Sources */,
				CF6254BE295EE3B400BD590B /* Frameworks */,
				CF6254BF295EE3B400BD590B /* Resources */,
			);
			buildRules = (
			);
			dependencies = (
				CF6254C3295EE3B400BD590B /* PBXTargetDependency */,
			);
			name = didChangeUITests;
			productName = didChangeUITests;
			productReference = CF6254C1295EE3B400BD590B /* didChangeUITests.xctest */;
			productType = "com.apple.product-type.bundle.ui-testing";
		};
/* End PBXNativeTarget section */

/* Begin PBXProject section */
		CF625499295EE3B300BD590B /* Project object */ = {
			isa = PBXProject;
			attributes = {
				BuildIndependentTargetsInParallel = 1;
				LastSwiftUpdateCheck = 1330;
				LastUpgradeCheck = 1330;
				TargetAttributes = {
					CF6254A0295EE3B300BD590B = {
						CreatedOnToolsVersion = 13.3;
					};
					CF6254B6295EE3B400BD590B = {
						CreatedOnToolsVersion = 13.3;
						TestTargetID = CF6254A0295EE3B300BD590B;
					};
					CF6254C0295EE3B400BD590B = {
						CreatedOnToolsVersion = 13.3;
						TestTargetID = CF6254A0295EE3B300BD590B;
					};
				};
			};
			buildConfigurationList = CF62549C295EE3B300BD590B /* Build configuration list for PBXProject "didChange" */;
			compatibilityVersion = "Xcode 13.0";
			developmentRegion = en;
			hasScannedForEncodings = 0;
			knownRegions = (
				en,
				Base,
			);
			mainGroup = CF625498295EE3B300BD590B;
			productRefGroup = CF6254A2295EE3B300BD590B /* Products */;
			projectDirPath = "";
			projectRoot = "";
			targets = (
				CF6254A0295EE3B300BD590B /* didChange */,
				CF6254B6295EE3B400BD590B /* didChangeTests */,
				CF6254C0295EE3B400BD590B /* didChangeUITests */,
			);
		};
/* End PBXProject section */

/* Begin PBXResourcesBuildPhase section */
		CF62549F295EE3B300BD590B /* Resources */ = {
			isa = PBXResourcesBuildPhase;
			buildActionMask = 2147483647;
			files = (
				CF6254B1295EE3B400BD590B /* LaunchScreen.storyboard in Resources */,
				CF6254AE295EE3B400BD590B /* Assets.xcassets in Resources */,
				CF6254AC295EE3B300BD590B /* Main.storyboard in Resources */,
			);
			runOnlyForDeploymentPostprocessing = 0;
		};
		CF6254B5295EE3B400BD590B /* Resources */ = {
			isa = PBXResourcesBuildPhase;
			buildActionMask = 2147483647;
			files = (
			);
			runOnlyForDeploymentPostprocessing = 0;
		};
		CF6254BF295EE3B400BD590B /* Resources */ = {
			isa = PBXResourcesBuildPhase;
			buildActionMask = 2147483647;
			files = (
			);
			runOnlyForDeploymentPostprocessing = 0;
		};
/* End PBXResourcesBuildPhase section */

/* Begin PBXSourcesBuildPhase section */
		CF62549D295EE3B300BD590B /* Sources */ = {
			isa = PBXSourcesBuildPhase;
			buildActionMask = 2147483647;
			files = (
				CF6254A9295EE3B300BD590B /* ViewController.swift in Sources */,
				CF6254A5295EE3B300BD590B /* AppDelegate.swift in Sources */,
				CF6254A7295EE3B300BD590B /* SceneDelegate.swift in Sources */,
			);
			runOnlyForDeploymentPostprocessing = 0;
		};
		CF6254B3295EE3B400BD590B /* Sources */ = {
			isa = PBXSourcesBuildPhase;
			buildActionMask = 2147483647;
			files = (
				CF6254BC295EE3B400BD590B /* didChangeTests.swift in Sources */,
			);
			runOnlyForDeploymentPostprocessing = 0;
		};
		CF6254BD295EE3B400BD590B /* Sources */ = {
			isa = PBXSourcesBuildPhase;
			buildActionMask = 2147483647;
			files = (
				CF6254C8295EE3B400BD590B /* didChangeUITestsLaunchTests.swift in Sources */,
				CF6254C6295EE3B400BD590B /* didChangeUITests.swift in Sources */,
			);
			runOnlyForDeploymentPostprocessing = 0;
		};
/* End PBXSourcesBuildPhase section */

/* Begin PBXTargetDependency section */
		CF6254B9295EE3B400BD590B /* PBXTargetDependency */ = {
			isa = PBXTargetDependency;
			target = CF6254A0295EE3B300BD590B /* didChange */;
			targetProxy = CF6254B8295EE3B400BD590B /* PBXContainerItemProxy */;
		};
		CF6254C3295EE3B400BD590B /* PBXTargetDependency */ = {
			isa = PBXTargetDependency;
			target = CF6254A0295EE3B300BD590B /* didChange */;
			targetProxy = CF6254C2295EE3B400BD590B /* PBXContainerItemProxy */;
		};
/* End PBXTargetDependency section */

/* Begin PBXVariantGroup section */
		CF6254AA295EE3B300BD590B /* Main.storyboard */ = {
			isa = PBXVariantGroup;
			children = (
				CF6254AB295EE3B300BD590B /* Base */,
			);
			name = Main.storyboard;
			sourceTree = "<group>";
		};
		CF6254AF295EE3B400BD590B /* LaunchScreen.storyboard */ = {
			isa = PBXVariantGroup;
			children = (
				CF6254B0295EE3B400BD590B /* Base */,
			);
			name = LaunchScreen.storyboard;
			sourceTree = "<group>";
		};
/* End PBXVariantGroup section */

/* Begin XCBuildConfiguration section */
		CF6254C9295EE3B400BD590B /* Debug */ = {
			isa = XCBuildConfiguration;
			buildSettings = {
				ALWAYS_SEARCH_USER_PATHS = NO;
				CLANG_ANALYZER_NONNULL = YES;
				CLANG_ANALYZER_NUMBER_OBJECT_CONVERSION = YES_AGGRESSIVE;
				CLANG_CXX_LANGUAGE_STANDARD = "gnu++17";
				CLANG_ENABLE_MODULES = YES;
				CLANG_ENABLE_OBJC_ARC = YES;
				CLANG_ENABLE_OBJC_WEAK = YES;
				CLANG_WARN_BLOCK_CAPTURE_AUTORELEASING = YES;
				CLANG_WARN_BOOL_CONVERSION = YES;
				CLANG_WARN_COMMA = YES;
				CLANG_WARN_CONSTANT_CONVERSION = YES;
				CLANG_WARN_DEPRECATED_OBJC_IMPLEMENTATIONS = YES;
				CLANG_WARN_DIRECT_OBJC_ISA_USAGE = YES_ERROR;
				CLANG_WARN_DOCUMENTATION_COMMENTS = YES;
				CLANG_WARN_EMPTY_BODY = YES;
				CLANG_WARN_ENUM_CONVERSION = YES;
				CLANG_WARN_INFINITE_RECURSION = YES;
				CLANG_WARN_INT_CONVERSION = YES;
				CLANG_WARN_NON_LITERAL_NULL_CONVERSION = YES;
				CLANG_WARN_OBJC_IMPLICIT_RETAIN_SELF = YES;
				CLANG_WARN_OBJC_LITERAL_CONVERSION = YES;
				CLANG_WARN_OBJC_ROOT_CLASS = YES_ERROR;
				CLANG_WARN_QUOTED_INCLUDE_IN_FRAMEWORK_HEADER = YES;
				CLANG_WARN_RANGE_LOOP_ANALYSIS = YES;
				CLANG_WARN_STRICT_PROTOTYPES = YES;
				CLANG_WARN_SUSPICIOUS_MOVE = YES;
				CLANG_WARN_UNGUARDED_AVAILABILITY = YES_AGGRESSIVE;
				CLANG_WARN_UNREACHABLE_CODE = YES;
				CLANG_WARN__DUPLICATE_METHOD_MATCH = YES;
				COPY_PHASE_STRIP = NO;
				DEBUG_INFORMATION_FORMAT = dwarf;
				ENABLE_STRICT_OBJC_MSGSEND = YES;
				ENABLE_TESTABILITY = YES;
				GCC_C_LANGUAGE_STANDARD = gnu11;
				GCC_DYNAMIC_NO_PIC = NO;
				GCC_NO_COMMON_BLOCKS = YES;
				GCC_OPTIMIZATION_LEVEL = 0;
				GCC_PREPROCESSOR_DEFINITIONS = (
					"DEBUG=1",
					"$(inherited)",
				);
				GCC_WARN_64_TO_32_BIT_CONVERSION = YES;
				GCC_WARN_ABOUT_RETURN_TYPE = YES_ERROR;
				GCC_WARN_UNDECLARED_SELECTOR = YES;
				GCC_WARN_UNINITIALIZED_AUTOS = YES_AGGRESSIVE;
				GCC_WARN_UNUSED_FUNCTION = YES;
				GCC_WARN_UNUSED_VARIABLE = YES;
				IPHONEOS_DEPLOYMENT_TARGET = 15.4;
				MTL_ENABLE_DEBUG_INFO = INCLUDE_SOURCE;
				MTL_FAST_MATH = YES;
				ONLY_ACTIVE_ARCH = YES;
				SDKROOT = iphoneos;
				SWIFT_ACTIVE_COMPILATION_CONDITIONS = DEBUG;
				SWIFT_OPTIMIZATION_LEVEL = "-Onone";
			};
			name = Debug;
		};
		CF6254CA295EE3B400BD590B /* Release */ = {
			isa = XCBuildConfiguration;
			buildSettings = {
				ALWAYS_SEARCH_USER_PATHS = NO;
				CLANG_ANALYZER_NONNULL = YES;
				CLANG_ANALYZER_NUMBER_OBJECT_CONVERSION = YES_AGGRESSIVE;
				CLANG_CXX_LANGUAGE_STANDARD = "gnu++17";
				CLANG_ENABLE_MODULES = YES;
				CLANG_ENABLE_OBJC_ARC = YES;
				CLANG_ENABLE_OBJC_WEAK = YES;
				CLANG_WARN_BLOCK_CAPTURE_AUTORELEASING = YES;
				CLANG_WARN_BOOL_CONVERSION = YES;
				CLANG_WARN_COMMA = YES;
				CLANG_WARN_CONSTANT_CONVERSION = YES;
				CLANG_WARN_DEPRECATED_OBJC_IMPLEMENTATIONS = YES;
				CLANG_WARN_DIRECT_OBJC_ISA_USAGE = YES_ERROR;
				CLANG_WARN_DOCUMENTATION_COMMENTS = YES;
				CLANG_WARN_EMPTY_BODY = YES;
				CLANG_WARN_ENUM_CONVERSION = YES;
				CLANG_WARN_INFINITE_RECURSION = YES;
				CLANG_WARN_INT_CONVERSION = YES;
				CLANG_WARN_NON_LITERAL_NULL_CONVERSION = YES;
				CLANG_WARN_OBJC_IMPLICIT_RETAIN_SELF = YES;
				CLANG_WARN_OBJC_LITERAL_CONVERSION = YES;
				CLANG_WARN_OBJC_ROOT_CLASS = YES_ERROR;
				CLANG_WARN_QUOTED_INCLUDE_IN_FRAMEWORK_HEADER = YES;
				CLANG_WARN_RANGE_LOOP_ANALYSIS = YES;
				CLANG_WARN_STRICT_PROTOTYPES = YES;
				CLANG_WARN_SUSPICIOUS_MOVE = YES;
				CLANG_WARN_UNGUARDED_AVAILABILITY = YES_AGGRESSIVE;
				CLANG_WARN_UNREACHABLE_CODE = YES;
				CLANG_WARN__DUPLICATE_METHOD_MATCH = YES;
				COPY_PHASE_STRIP = NO;
				DEBUG_INFORMATION_FORMAT = "dwarf-with-dsym";
				ENABLE_NS_ASSERTIONS = NO;
				ENABLE_STRICT_OBJC_MSGSEND = YES;
				GCC_C_LANGUAGE_STANDARD = gnu11;
				GCC_NO_COMMON_BLOCKS = YES;
				GCC_WARN_64_TO_32_BIT_CONVERSION = YES;
				GCC_WARN_ABOUT_RETURN_TYPE = YES_ERROR;
				GCC_WARN_UNDECLARED_SELECTOR = YES;
				GCC_WARN_UNINITIALIZED_AUTOS = YES_AGGRESSIVE;
				GCC_WARN_UNUSED_FUNCTION = YES;
				GCC_WARN_UNUSED_VARIABLE = YES;
				IPHONEOS_DEPLOYMENT_TARGET = 15.4;
				MTL_ENABLE_DEBUG_INFO = NO;
				MTL_FAST_MATH = YES;
				SDKROOT = iphoneos;
				SWIFT_COMPILATION_MODE = wholemodule;
				SWIFT_OPTIMIZATION_LEVEL = "-O";
				VALIDATE_PRODUCT = YES;
			};
			name = Release;
		};
		CF6254CC295EE3B400BD590B /* Debug */ = {
			isa = XCBuildConfiguration;
			buildSettings = {
				ASSETCATALOG_COMPILER_APPICON_NAME = AppIcon;
				ASSETCATALOG_COMPILER_GLOBAL_ACCENT_COLOR_NAME = AccentColor;
				CODE_SIGN_STYLE = Automatic;
				CURRENT_PROJECT_VERSION = 1;
				GENERATE_INFOPLIST_FILE = YES;
				INFOPLIST_FILE = didChange/Info.plist;
				INFOPLIST_KEY_UIApplicationSupportsIndirectInputEvents = YES;
				INFOPLIST_KEY_UILaunchStoryboardName = LaunchScreen;
				INFOPLIST_KEY_UIMainStoryboardFile = Main;
				INFOPLIST_KEY_UISupportedInterfaceOrientations_iPad = "UIInterfaceOrientationPortrait UIInterfaceOrientationPortraitUpsideDown UIInterfaceOrientationLandscapeLeft UIInterfaceOrientationLandscapeRight";
				INFOPLIST_KEY_UISupportedInterfaceOrientations_iPhone = "UIInterfaceOrientationPortrait UIInterfaceOrientationLandscapeLeft UIInterfaceOrientationLandscapeRight";
				LD_RUNPATH_SEARCH_PATHS = (
					"$(inherited)",
					"@executable_path/Frameworks",
				);
				MARKETING_VERSION = 1.0;
				PRODUCT_BUNDLE_IDENTIFIER = Ljunhyeob.didChange;
				PRODUCT_NAME = "$(TARGET_NAME)";
				SWIFT_EMIT_LOC_STRINGS = YES;
				SWIFT_VERSION = 5.0;
				TARGETED_DEVICE_FAMILY = "1,2";
			};
			name = Debug;
		};
		CF6254CD295EE3B400BD590B /* Release */ = {
			isa = XCBuildConfiguration;
			buildSettings = {
				ASSETCATALOG_COMPILER_APPICON_NAME = AppIcon;
				ASSETCATALOG_COMPILER_GLOBAL_ACCENT_COLOR_NAME = AccentColor;
				CODE_SIGN_STYLE = Automatic;
				CURRENT_PROJECT_VERSION = 1;
				GENERATE_INFOPLIST_FILE = YES;
				INFOPLIST_FILE = didChange/Info.plist;
				INFOPLIST_KEY_UIApplicationSupportsIndirectInputEvents = YES;
				INFOPLIST_KEY_UILaunchStoryboardName = LaunchScreen;
				INFOPLIST_KEY_UIMainStoryboardFile = Main;
				INFOPLIST_KEY_UISupportedInterfaceOrientations_iPad = "UIInterfaceOrientationPortrait UIInterfaceOrientationPortraitUpsideDown UIInterfaceOrientationLandscapeLeft UIInterfaceOrientationLandscapeRight";
				INFOPLIST_KEY_UISupportedInterfaceOrientations_iPhone = "UIInterfaceOrientationPortrait UIInterfaceOrientationLandscapeLeft UIInterfaceOrientationLandscapeRight";
				LD_RUNPATH_SEARCH_PATHS = (
					"$(inherited)",
					"@executable_path/Frameworks",
				);
				MARKETING_VERSION = 1.0;
				PRODUCT_BUNDLE_IDENTIFIER = Ljunhyeob.didChange;
				PRODUCT_NAME = "$(TARGET_NAME)";
				SWIFT_EMIT_LOC_STRINGS = YES;
				SWIFT_VERSION = 5.0;
				TARGETED_DEVICE_FAMILY = "1,2";
			};
			name = Release;
		};
		CF6254CF295EE3B400BD590B /* Debug */ = {
			isa = XCBuildConfiguration;
			buildSettings = {
				ALWAYS_EMBED_SWIFT_STANDARD_LIBRARIES = YES;
				BUNDLE_LOADER = "$(TEST_HOST)";
				CODE_SIGN_STYLE = Automatic;
				CURRENT_PROJECT_VERSION = 1;
				GENERATE_INFOPLIST_FILE = YES;
				IPHONEOS_DEPLOYMENT_TARGET = 15.4;
				MARKETING_VERSION = 1.0;
				PRODUCT_BUNDLE_IDENTIFIER = Ljunhyeob.didChangeTests;
				PRODUCT_NAME = "$(TARGET_NAME)";
				SWIFT_EMIT_LOC_STRINGS = NO;
				SWIFT_VERSION = 5.0;
				TARGETED_DEVICE_FAMILY = "1,2";
				TEST_HOST = "$(BUILT_PRODUCTS_DIR)/didChange.app/didChange";
			};
			name = Debug;
		};
		CF6254D0295EE3B400BD590B /* Release */ = {
			isa = XCBuildConfiguration;
			buildSettings = {
				ALWAYS_EMBED_SWIFT_STANDARD_LIBRARIES = YES;
				BUNDLE_LOADER = "$(TEST_HOST)";
				CODE_SIGN_STYLE = Automatic;
				CURRENT_PROJECT_VERSION = 1;
				GENERATE_INFOPLIST_FILE = YES;
				IPHONEOS_DEPLOYMENT_TARGET = 15.4;
				MARKETING_VERSION = 1.0;
				PRODUCT_BUNDLE_IDENTIFIER = Ljunhyeob.didChangeTests;
				PRODUCT_NAME = "$(TARGET_NAME)";
				SWIFT_EMIT_LOC_STRINGS = NO;
				SWIFT_VERSION = 5.0;
				TARGETED_DEVICE_FAMILY = "1,2";
				TEST_HOST = "$(BUILT_PRODUCTS_DIR)/didChange.app/didChange";
			};
			name = Release;
		};
		CF6254D2295EE3B400BD590B /* Debug */ = {
			isa = XCBuildConfiguration;
			buildSettings = {
				ALWAYS_EMBED_SWIFT_STANDARD_LIBRARIES = YES;
				CODE_SIGN_STYLE = Automatic;
				CURRENT_PROJECT_VERSION = 1;
				GENERATE_INFOPLIST_FILE = YES;
				MARKETING_VERSION = 1.0;
				PRODUCT_BUNDLE_IDENTIFIER = Ljunhyeob.didChangeUITests;
				PRODUCT_NAME = "$(TARGET_NAME)";
				SWIFT_EMIT_LOC_STRINGS = NO;
				SWIFT_VERSION = 5.0;
				TARGETED_DEVICE_FAMILY = "1,2";
				TEST_TARGET_NAME = didChange;
			};
			name = Debug;
		};
		CF6254D3295EE3B400BD590B /* Release */ = {
			isa = XCBuildConfiguration;
			buildSettings = {
				ALWAYS_EMBED_SWIFT_STANDARD_LIBRARIES = YES;
				CODE_SIGN_STYLE = Automatic;
				CURRENT_PROJECT_VERSION = 1;
				GENERATE_INFOPLIST_FILE = YES;
				MARKETING_VERSION = 1.0;
				PRODUCT_BUNDLE_IDENTIFIER = Ljunhyeob.didChangeUITests;
				PRODUCT_NAME = "$(TARGET_NAME)";
				SWIFT_EMIT_LOC_STRINGS = NO;
				SWIFT_VERSION = 5.0;
				TARGETED_DEVICE_FAMILY = "1,2";
				TEST_TARGET_NAME = didChange;
			};
			name = Release;
		};
/* End XCBuildConfiguration section */

/* Begin XCConfigurationList section */
		CF62549C295EE3B300BD590B /* Build configuration list for PBXProject "didChange" */ = {
			isa = XCConfigurationList;
			buildConfigurations = (
				CF6254C9295EE3B400BD590B /* Debug */,
				CF6254CA295EE3B400BD590B /* Release */,
			);
			defaultConfigurationIsVisible = 0;
			defaultConfigurationName = Release;
		};
		CF6254CB295EE3B400BD590B /* Build configuration list for PBXNativeTarget "didChange" */ = {
			isa = XCConfigurationList;
			buildConfigurations = (
				CF6254CC295EE3B400BD590B /* Debug */,
				CF6254CD295EE3B400BD590B /* Release */,
			);
			defaultConfigurationIsVisible = 0;
			defaultConfigurationName = Release;
		};
		CF6254CE295EE3B400BD590B /* Build configuration list for PBXNativeTarget "didChangeTests" */ = {
			isa = XCConfigurationList;
			buildConfigurations = (
				CF6254CF295EE3B400BD590B /* Debug */,
				CF6254D0295EE3B400BD590B /* Release */,
			);
			defaultConfigurationIsVisible = 0;
			defaultConfigurationName = Release;
		};
		CF6254D1295EE3B400BD590B /* Build configuration list for PBXNativeTarget "didChangeUITests" */ = {
			isa = XCConfigurationList;
			buildConfigurations = (
				CF6254D2295EE3B400BD590B /* Debug */,
				CF6254D3295EE3B400BD590B /* Release */,
			);
			defaultConfigurationIsVisible = 0;
			defaultConfigurationName = Release;
		};
/* End XCConfigurationList section */
	};
	rootObject = CF625499295EE3B300BD590B /* Project object */;
}
